
Microsoft Visual Studio Solution File, Format Version 12.00
# Visual Studio 2017
Project("{FAE04EC0-301F-11D3-BF4B-00C04F79EFBC}") = "ExposureUnity.Plugins", "ExposureUnity.Plugins.csproj", "{03A86B47-917A-5741-53BE-85C386285C71}"
EndProject
Project("{FAE04EC0-301F-11D3-BF4B-00C04F79EFBC}") = "ExposureUnity", "ExposureUnity.csproj", "{78A5D1B6-AAD6-9A1E-3534-D22B46357B06}"
EndProject
Project("{FAE04EC0-301F-11D3-BF4B-00C04F79EFBC}") = "ExposureUnity.Editor.Plugins", "ExposureUnity.Editor.Plugins.csproj", "{22C994A9-4F84-4EE3-96B4-CA309B56923D}"
EndProject
Global
	GlobalSection(SolutionConfigurationPlatforms) = preSolution
		Debug|Any CPU = Debug|Any CPU
		Release|Any CPU = Release|Any CPU
	EndGlobalSection
	GlobalSection(ProjectConfigurationPlatforms) = postSolution
		{03A86B47-917A-5741-53BE-85C386285C71}.Debug|Any CPU.ActiveCfg = Debug|Any CPU
		{03A86B47-917A-5741-53BE-85C386285C71}.Debug|Any CPU.Build.0 = Debug|Any CPU
		{03A86B47-917A-5741-53BE-85C386285C71}.Release|Any CPU.ActiveCfg = Release|Any CPU
		{03A86B47-917A-5741-53BE-85C386285C71}.Release|Any CPU.Build.0 = Release|Any CPU
		{78A5D1B6-AAD6-9A1E-3534-D22B46357B06}.Debug|Any CPU.ActiveCfg = Debug|Any CPU
		{78A5D1B6-AAD6-9A1E-3534-D22B46357B06}.Debug|Any CPU.Build.0 = Debug|Any CPU
		{78A5D1B6-AAD6-9A1E-3534-D22B46357B06}.Release|Any CPU.ActiveCfg = Release|Any CPU
		{78A5D1B6-AAD6-9A1E-3534-D22B46357B06}.Release|Any CPU.Build.0 = Release|Any CPU
		{22C994A9-4F84-4EE3-96B4-CA309B56923D}.Debug|Any CPU.ActiveCfg = Debug|Any CPU
		{22C994A9-4F84-4EE3-96B4-CA309B56923D}.Debug|Any CPU.Build.0 = Debug|Any CPU
		{22C994A9-4F84-4EE3-96B4-CA309B56923D}.Release|Any CPU.ActiveCfg = Release|Any CPU
		{22C994A9-4F84-4EE3-96B4-CA309B56923D}.Release|Any CPU.Build.0 = Release|Any CPU
	EndGlobalSection
	GlobalSection(SolutionProperties) = preSolution
		HideSolutionNode = FALSE
	EndGlobalSection
EndGlobal
